
Microsoft Visual Studio Solution File, Format Version 12.00
# Visual Studio Version 17
VisualStudioVersion = 17.2.32630.192
MinimumVisualStudioVersion = 10.0.40219.1
Project("{9A19103F-16F7-4668-BE54-9A1E7A4F7556}") = "Worker.Data", "Worker.Data\Worker.Data.csproj", "{8A5E8216-25A1-4AD7-A2BD-8CFBE569FB02}"
EndProject
Project("{9A19103F-16F7-4668-BE54-9A1E7A4F7556}") = "Worker.Domain", "Worker.Domain\Worker.Domain.csproj", "{3CAC9A81-ADF0-4093-A798-07E122D3843C}"
EndProject
Project("{9A19103F-16F7-4668-BE54-9A1E7A4F7556}") = "Worker.Service", "Worker.Service\Worker.Service.csproj", "{96FA1A50-040D-4B73-90DB-54091A467534}"
EndProject
Project("{2150E333-8FDC-42A3-9474-1A3956D46DE8}") = "02 - Domain", "02 - Domain", "{863E44FB-DA30-4E8A-8545-4C487EB8D3A0}"
EndProject
Project("{2150E333-8FDC-42A3-9474-1A3956D46DE8}") = "03 - Data", "03 - Data", "{463C460B-75F7-406B-B4F3-C733B6BB57E6}"
EndProject
Project("{2150E333-8FDC-42A3-9474-1A3956D46DE8}") = "04 - Service", "04 - Service", "{94715B88-C3D6-4508-9E02-11F13C890602}"
EndProject
Project("{2150E333-8FDC-42A3-9474-1A3956D46DE8}") = "01 - WorkerRoboCadastros", "01 - WorkerRoboCadastros", "{803C4ABC-5D87-43EF-9057-4CB2EF94C2EB}"
EndProject
Project("{9A19103F-16F7-4668-BE54-9A1E7A4F7556}") = "WorkerRoboCadastros", "WorkerCadastro\WorkerRoboCadastros.csproj", "{2E3DE44D-F3EA-4D29-90FA-BF57C0F5C7F9}"
EndProject
Project("{2150E333-8FDC-42A3-9474-1A3956D46DE8}") = "05 - Tests", "05 - Tests", "{F60F6CC8-AFD8-4C9F-885D-37726DE06FAB}"
EndProject
Project("{9A19103F-16F7-4668-BE54-9A1E7A4F7556}") = "Worker.Tests", "Worker.Tests\Worker.Tests.csproj", "{C2F9BD69-2E0E-4B53-BBF5-BFAA2C9DBD1F}"
EndProject
Global
	GlobalSection(SolutionConfigurationPlatforms) = preSolution
		Debug|Any CPU = Debug|Any CPU
		Release|Any CPU = Release|Any CPU
	EndGlobalSection
	GlobalSection(ProjectConfigurationPlatforms) = postSolution
		{8A5E8216-25A1-4AD7-A2BD-8CFBE569FB02}.Debug|Any CPU.ActiveCfg = Debug|Any CPU
		{8A5E8216-25A1-4AD7-A2BD-8CFBE569FB02}.Debug|Any CPU.Build.0 = Debug|Any CPU
		{8A5E8216-25A1-4AD7-A2BD-8CFBE569FB02}.Release|Any CPU.ActiveCfg = Release|Any CPU
		{8A5E8216-25A1-4AD7-A2BD-8CFBE569FB02}.Release|Any CPU.Build.0 = Release|Any CPU
		{3CAC9A81-ADF0-4093-A798-07E122D3843C}.Debug|Any CPU.ActiveCfg = Debug|Any CPU
		{3CAC9A81-ADF0-4093-A798-07E122D3843C}.Debug|Any CPU.Build.0 = Debug|Any CPU
		{3CAC9A81-ADF0-4093-A798-07E122D3843C}.Release|Any CPU.ActiveCfg = Release|Any CPU
		{3CAC9A81-ADF0-4093-A798-07E122D3843C}.Release|Any CPU.Build.0 = Release|Any CPU
		{96FA1A50-040D-4B73-90DB-54091A467534}.Debug|Any CPU.ActiveCfg = Debug|Any CPU
		{96FA1A50-040D-4B73-90DB-54091A467534}.Debug|Any CPU.Build.0 = Debug|Any CPU
		{96FA1A50-040D-4B73-90DB-54091A467534}.Release|Any CPU.ActiveCfg = Release|Any CPU
		{96FA1A50-040D-4B73-90DB-54091A467534}.Release|Any CPU.Build.0 = Release|Any CPU
		{2E3DE44D-F3EA-4D29-90FA-BF57C0F5C7F9}.Debug|Any CPU.ActiveCfg = Debug|Any CPU
		{2E3DE44D-F3EA-4D29-90FA-BF57C0F5C7F9}.Debug|Any CPU.Build.0 = Debug|Any CPU
		{2E3DE44D-F3EA-4D29-90FA-BF57C0F5C7F9}.Release|Any CPU.ActiveCfg = Release|Any CPU
		{2E3DE44D-F3EA-4D29-90FA-BF57C0F5C7F9}.Release|Any CPU.Build.0 = Release|Any CPU
		{C2F9BD69-2E0E-4B53-BBF5-BFAA2C9DBD1F}.Debug|Any CPU.ActiveCfg = Debug|Any CPU
		{C2F9BD69-2E0E-4B53-BBF5-BFAA2C9DBD1F}.Debug|Any CPU.Build.0 = Debug|Any CPU
		{C2F9BD69-2E0E-4B53-BBF5-BFAA2C9DBD1F}.Release|Any CPU.ActiveCfg = Release|Any CPU
		{C2F9BD69-2E0E-4B53-BBF5-BFAA2C9DBD1F}.Release|Any CPU.Build.0 = Release|Any CPU
	EndGlobalSection
	GlobalSection(SolutionProperties) = preSolution
		HideSolutionNode = FALSE
	EndGlobalSection
	GlobalSection(NestedProjects) = preSolution
		{8A5E8216-25A1-4AD7-A2BD-8CFBE569FB02} = {463C460B-75F7-406B-B4F3-C733B6BB57E6}
		{3CAC9A81-ADF0-4093-A798-07E122D3843C} = {863E44FB-DA30-4E8A-8545-4C487EB8D3A0}
		{96FA1A50-040D-4B73-90DB-54091A467534} = {94715B88-C3D6-4508-9E02-11F13C890602}
		{2E3DE44D-F3EA-4D29-90FA-BF57C0F5C7F9} = {803C4ABC-5D87-43EF-9057-4CB2EF94C2EB}
		{C2F9BD69-2E0E-4B53-BBF5-BFAA2C9DBD1F} = {F60F6CC8-AFD8-4C9F-885D-37726DE06FAB}
	EndGlobalSection
	GlobalSection(ExtensibilityGlobals) = postSolution
		SolutionGuid = {79E9BB57-B5F5-432B-A680-D5226DF7D498}
	EndGlobalSection
EndGlobal
